{
  "lockfile_version": "1",
  "packages": {
    "git@latest": {
      "last_modified": "2025-08-05T11:35:34Z",
      "resolved": "github:NixOS/nixpkgs/a683adc19ff5228af548c6539dbc3440509bfed3#git",
      "source": "devbox-search",
      "version": "2.50.1",
      "systems": {
        "aarch64-darwin": {
          "outputs": [
            {
              "name": "out",
              "path": "/nix/store/jn9byxgdjndngf0d2by0djg8gcdll7xc-git-2.50.1",
              "default": true
            },
            {
              "name": "doc",
              "path": "/nix/store/j8djmq64ckbah7bl6jv1y6arrjr0shmv-git-2.50.1-doc"
            }
          ],
          "store_path": "/nix/store/jn9byxgdjndngf0d2by0djg8gcdll7xc-git-2.50.1"
        },
        "aarch64-linux": {
          "outputs": [
            {
              "name": "out",
              "path": "/nix/store/h4pvvix6pvnvys9a6y1xj2442r1ajdhl-git-2.50.1",
              "default": true
            },
            {
              "name": "debug",
              "path": "/nix/store/rpxnrnsn4nbx8wm9d2vrgj0fr5xzz5lg-git-2.50.1-debug"
            },
            {
              "name": "doc",
              "path": "/nix/store/q8sicpx16gyzxnp3345a46lj4cz9wd09-git-2.50.1-doc"
            }
          ],
          "store_path": "/nix/store/h4pvvix6pvnvys9a6y1xj2442r1ajdhl-git-2.50.1"
        },
        "x86_64-darwin": {
          "outputs": [
            {
              "name": "out",
              "path": "/nix/store/8d1n8cvi5x1j0v61459lvhqs26vmcqbl-git-2.50.1",
              "default": true
            },
            {
              "name": "doc",
              "path": "/nix/store/yn9cvbs7jz4dfdb17qralgr0ybi5rmjf-git-2.50.1-doc"
            }
          ],
          "store_path": "/nix/store/8d1n8cvi5x1j0v61459lvhqs26vmcqbl-git-2.50.1"
        },
        "x86_64-linux": {
          "outputs": [
            {
              "name": "out",
              "path": "/nix/store/5i8zvall945kypmwgqd0y47f02pldwp4-git-2.50.1",
              "default": true
            },
            {
              "name": "doc",
              "path": "/nix/store/d2lhlzkdziwmijik8nszfwp8srbkskb9-git-2.50.1-doc"
            },
            {
              "name": "debug",
              "path": "/nix/store/l46kpjpcwwp8l7kzzr1s2dlk646r73z2-git-2.50.1-debug"
            }
          ],
          "store_path": "/nix/store/5i8zvall945kypmwgqd0y47f02pldwp4-git-2.50.1"
        }
      }
    },
    "github:NixOS/nixpkgs/nixpkgs-unstable": {
      "last_modified": "2025-08-12T09:17:37Z",
      "resolved": "github:NixOS/nixpkgs/372d9eeeafa5b15913201e2b92e8e539ac7c64d1?lastModified=1754990257&narHash=sha256-eEq2wlYNF2t89PsNyEv5Sz4lSxdukZCj4SdhZBVAGpI%3D"
    },
    "librtlsdr@latest": {
      "last_modified": "2023-02-14T00:52:29Z",
      "resolved": "github:NixOS/nixpkgs/0a25e2c87e784bf7e06e7833ec0e06d34836959a#librtlsdr",
      "source": "devbox-search",
      "version": "0.8.0",
      "systems": {
        "aarch64-darwin": {
          "outputs": [
            {
              "name": "out",
              "path": "/nix/store/a47anlqjwc0c2pc56g3pka6jqqfljsnv-librtlsdr-0.8.0",
              "default": true
            }
          ],
          "store_path": "/nix/store/a47anlqjwc0c2pc56g3pka6jqqfljsnv-librtlsdr-0.8.0"
        },
        "aarch64-linux": {
          "outputs": [
            {
              "name": "out",
              "path": "/nix/store/br4v33qpl9fc1vjwwld417j03cjk10l0-librtlsdr-0.8.0",
              "default": true
            }
          ],
          "store_path": "/nix/store/br4v33qpl9fc1vjwwld417j03cjk10l0-librtlsdr-0.8.0"
        },
        "x86_64-darwin": {
          "outputs": [
            {
              "name": "out",
              "path": "/nix/store/6c5andpdkbk4gadr6rqip5cbnm4s93sf-librtlsdr-0.8.0",
              "default": true
            }
          ],
          "store_path": "/nix/store/6c5andpdkbk4gadr6rqip5cbnm4s93sf-librtlsdr-0.8.0"
        },
        "x86_64-linux": {
          "outputs": [
            {
              "name": "out",
              "path": "/nix/store/4kgdvifvcbf407mjccbavk6hvhh773cq-librtlsdr-0.8.0",
              "default": true
            }
          ],
          "store_path": "/nix/store/4kgdvifvcbf407mjccbavk6hvhh773cq-librtlsdr-0.8.0"
        }
      }
    },
    "pulseaudio@latest": {
      "last_modified": "2025-07-28T17:09:23Z",
      "resolved": "github:NixOS/nixpkgs/648f70160c03151bc2121d179291337ad6bc564b#pulseaudio",
      "source": "devbox-search",
      "version": "17.0",
      "systems": {
        "aarch64-darwin": {
          "outputs": [
            {
              "name": "out",
              "path": "/nix/store/svxihdwd27z8vs7vjw77y5dkjzg7y23x-pulseaudio-17.0",
              "default": true
            },
            {
              "name": "dev",
              "path": "/nix/store/pmhr2zvq373ij9maaz3vr9niqnywmwxp-pulseaudio-17.0-dev"
            }
          ],
          "store_path": "/nix/store/svxihdwd27z8vs7vjw77y5dkjzg7y23x-pulseaudio-17.0"
        },
        "aarch64-linux": {
          "outputs": [
            {
              "name": "out",
              "path": "/nix/store/3lcy8zdzia4k810sq5wvlzsgb1fhlch9-pulseaudio-17.0",
              "default": true
            },
            {
              "name": "dev",
              "path": "/nix/store/9y7ggv959lzqr46j83y9fikq9v0w0bx8-pulseaudio-17.0-dev"
            }
          ],
          "store_path": "/nix/store/3lcy8zdzia4k810sq5wvlzsgb1fhlch9-pulseaudio-17.0"
        },
        "x86_64-darwin": {
          "outputs": [
            {
              "name": "out",
              "path": "/nix/store/97sg8g4bgq7g853qxm9ziznxrk0na8wn-pulseaudio-17.0",
              "default": true
            },
            {
              "name": "dev",
              "path": "/nix/store/j210xd0j79a0iwr776jvk6k33hwvd2wc-pulseaudio-17.0-dev"
            }
          ],
          "store_path": "/nix/store/97sg8g4bgq7g853qxm9ziznxrk0na8wn-pulseaudio-17.0"
        },
        "x86_64-linux": {
          "outputs": [
            {
              "name": "out",
              "path": "/nix/store/z2hyq3gnzqxwxyc0zddlmk0vjjdbjdix-pulseaudio-17.0",
              "default": true
            },
            {
              "name": "dev",
              "path": "/nix/store/z2khcgcn4pmyksbvmjaxsbvf0qk4x4rm-pulseaudio-17.0-dev"
            }
          ],
          "store_path": "/nix/store/z2hyq3gnzqxwxyc0zddlmk0vjjdbjdix-pulseaudio-17.0"
        }
      }
    },
    "watchexec@latest": {
      "last_modified": "2025-07-28T17:09:23Z",
      "resolved": "github:NixOS/nixpkgs/648f70160c03151bc2121d179291337ad6bc564b#watchexec",
      "source": "devbox-search",
      "version": "2.3.2",
      "systems": {
        "aarch64-darwin": {
          "outputs": [
            {
              "name": "out",
              "path": "/nix/store/spd4l14i31p11hjg1akqjf9jdv3canjj-watchexec-2.3.2",
              "default": true
            }
          ],
          "store_path": "/nix/store/spd4l14i31p11hjg1akqjf9jdv3canjj-watchexec-2.3.2"
        },
        "aarch64-linux": {
          "outputs": [
            {
              "name": "out",
              "path": "/nix/store/viav7zgcyabpx80c8pc9b8khkjapnspc-watchexec-2.3.2",
              "default": true
            }
          ],
          "store_path": "/nix/store/viav7zgcyabpx80c8pc9b8khkjapnspc-watchexec-2.3.2"
        },
        "x86_64-darwin": {
          "outputs": [
            {
              "name": "out",
              "path": "/nix/store/kzgi4dfrl9ryw2fz7z9bjdjljbv5w60g-watchexec-2.3.2",
              "default": true
            }
          ],
          "store_path": "/nix/store/kzgi4dfrl9ryw2fz7z9bjdjljbv5w60g-watchexec-2.3.2"
        },
        "x86_64-linux": {
          "outputs": [
            {
              "name": "out",
              "path": "/nix/store/xwk6hmik8y44dbcp0wk9vm1717r58yjj-watchexec-2.3.2",
              "default": true
            }
          ],
          "store_path": "/nix/store/xwk6hmik8y44dbcp0wk9vm1717r58yjj-watchexec-2.3.2"
        }
      }
    },
    "zig@latest": {
      "last_modified": "2025-07-28T17:09:23Z",
      "resolved": "github:NixOS/nixpkgs/648f70160c03151bc2121d179291337ad6bc564b#zig",
      "source": "devbox-search",
      "version": "0.14.1",
      "systems": {
        "aarch64-darwin": {
          "outputs": [
            {
              "name": "out",
              "path": "/nix/store/qczsm7366g0hp3vgr4yysgwn097w0dhb-zig-0.14.1",
              "default": true
            },
            {
              "name": "doc",
              "path": "/nix/store/07vky7yld7z9p5h6hxs38zqg7blgmx8r-zig-0.14.1-doc"
            }
          ],
          "store_path": "/nix/store/qczsm7366g0hp3vgr4yysgwn097w0dhb-zig-0.14.1"
        },
        "aarch64-linux": {
          "outputs": [
            {
              "name": "out",
              "path": "/nix/store/368v1ldd6sr8xbg02a7nbpr9ivk7x676-zig-0.14.1",
              "default": true
            },
            {
              "name": "doc",
              "path": "/nix/store/qh0xdixih3ml5mprpq069lc9d0yrndm4-zig-0.14.1-doc"
            }
          ],
          "store_path": "/nix/store/368v1ldd6sr8xbg02a7nbpr9ivk7x676-zig-0.14.1"
        },
        "x86_64-darwin": {
          "outputs": [
            {
              "name": "out",
              "path": "/nix/store/ybksis65ciqp8qhsvkdsb2l7zng7gqga-zig-0.14.1",
              "default": true
            },
            {
              "name": "doc",
              "path": "/nix/store/85fm5ybv80pk3lyhr4bkwln3zp2sp2l1-zig-0.14.1-doc"
            }
          ],
          "store_path": "/nix/store/ybksis65ciqp8qhsvkdsb2l7zng7gqga-zig-0.14.1"
        },
        "x86_64-linux": {
          "outputs": [
            {
              "name": "out",
              "path": "/nix/store/bp12055dys65yncly4khqban6lvaga9g-zig-0.14.1",
              "default": true
            },
            {
              "name": "doc",
              "path": "/nix/store/s9qf64jgq2j938zplrdnqnz4pnr1ns6f-zig-0.14.1-doc"
            }
          ],
          "store_path": "/nix/store/bp12055dys65yncly4khqban6lvaga9g-zig-0.14.1"
        }
      }
    },
    "zls@latest": {
      "last_modified": "2025-07-28T17:09:23Z",
      "resolved": "github:NixOS/nixpkgs/648f70160c03151bc2121d179291337ad6bc564b#zls",
      "source": "devbox-search",
      "version": "0.14.0",
      "systems": {
        "aarch64-darwin": {
          "outputs": [
            {
              "name": "out",
              "path": "/nix/store/pzaaaq0zgxjq0krcgsbizy3m674gqn59-zls-0.14.0",
              "default": true
            }
          ],
          "store_path": "/nix/store/pzaaaq0zgxjq0krcgsbizy3m674gqn59-zls-0.14.0"
        },
        "aarch64-linux": {
          "outputs": [
            {
              "name": "out",
              "path": "/nix/store/rm7fl47kwv6pnmc9jvadaklvggdczrlx-zls-0.14.0",
              "default": true
            }
          ],
          "store_path": "/nix/store/rm7fl47kwv6pnmc9jvadaklvggdczrlx-zls-0.14.0"
        },
        "x86_64-darwin": {
          "outputs": [
            {
              "name": "out",
              "path": "/nix/store/35f1ams10b9drz13ik0xv1qfa6sxy9ys-zls-0.14.0",
              "default": true
            }
          ],
          "store_path": "/nix/store/35f1ams10b9drz13ik0xv1qfa6sxy9ys-zls-0.14.0"
        },
        "x86_64-linux": {
          "outputs": [
            {
              "name": "out",
              "path": "/nix/store/89rcdm6fb20agbqapgqq14w6gy42khfp-zls-0.14.0",
              "default": true
            }
          ],
          "store_path": "/nix/store/89rcdm6fb20agbqapgqq14w6gy42khfp-zls-0.14.0"
        }
      }
    }
  }
}
