{
  "lockfile_version": "1",
  "packages": {
    "git@latest": {
      "last_modified": "2026-02-15T17:45:47Z",
      "resolved": "github:NixOS/nixpkgs/ac055f38c798b0d87695240c7b761b82fc7e5bc2#git",
      "source": "devbox-search",
      "version": "2.52.0",
      "systems": {
        "aarch64-darwin": {
          "outputs": [
            {
              "name": "out",
              "path": "/nix/store/vnhprisb777byfjpp5mdd0mxwkpvhbc0-git-2.52.0",
              "default": true
            },
            {
              "name": "doc",
              "path": "/nix/store/p0dx3053175fpr3kjf0fqgs9x6gm3dri-git-2.52.0-doc"
            }
          ],
          "store_path": "/nix/store/vnhprisb777byfjpp5mdd0mxwkpvhbc0-git-2.52.0"
        },
        "aarch64-linux": {
          "outputs": [
            {
              "name": "out",
              "path": "/nix/store/sd4bjblxfljbm13mpl50x8g336gw2dri-git-2.52.0",
              "default": true
            },
            {
              "name": "debug",
              "path": "/nix/store/cx033x4nmr12d9dcn8hxjfrajc3983f0-git-2.52.0-debug"
            },
            {
              "name": "doc",
              "path": "/nix/store/ylsmgdrnp78p8hn7n9lxpada78dka41v-git-2.52.0-doc"
            }
          ],
          "store_path": "/nix/store/sd4bjblxfljbm13mpl50x8g336gw2dri-git-2.52.0"
        },
        "x86_64-darwin": {
          "outputs": [
            {
              "name": "out",
              "path": "/nix/store/sr42bfqa0pc2ysba678mrm49g78jdynp-git-2.52.0",
              "default": true
            },
            {
              "name": "doc",
              "path": "/nix/store/fky0ci2bhwgyh9klg5682pmqswqg7wk4-git-2.52.0-doc"
            }
          ],
          "store_path": "/nix/store/sr42bfqa0pc2ysba678mrm49g78jdynp-git-2.52.0"
        },
        "x86_64-linux": {
          "outputs": [
            {
              "name": "out",
              "path": "/nix/store/ipwndaag56mm8g8gn8j98z0jvn8x4mk1-git-2.52.0",
              "default": true
            },
            {
              "name": "debug",
              "path": "/nix/store/zd8di23fmzjwrhb5ij1bjnlfqkx9j7d6-git-2.52.0-debug"
            },
            {
              "name": "doc",
              "path": "/nix/store/d8kc4kqzcrbcj92msxrpdsdjglh2q5gp-git-2.52.0-doc"
            }
          ],
          "store_path": "/nix/store/ipwndaag56mm8g8gn8j98z0jvn8x4mk1-git-2.52.0"
        }
      }
    },
    "github:NixOS/nixpkgs/nixpkgs-unstable": {
      "last_modified": "2026-02-24T08:56:33Z",
      "resolved": "github:NixOS/nixpkgs/ea7f1f06811ce7fcc81d6c6fd4213150c23edcf2?lastModified=1771923393&narHash=sha256-Fy0%2BUXELv9hOE8WjYhJt8fMDLYTU2Dqn3cX4BwoGBos%3D"
    },
    "librtlsdr@latest": {
      "last_modified": "2023-02-14T00:52:29Z",
      "resolved": "github:NixOS/nixpkgs/0a25e2c87e784bf7e06e7833ec0e06d34836959a#librtlsdr",
      "source": "devbox-search",
      "version": "0.8.0",
      "systems": {
        "aarch64-darwin": {
          "outputs": [
            {
              "name": "out",
              "path": "/nix/store/a47anlqjwc0c2pc56g3pka6jqqfljsnv-librtlsdr-0.8.0",
              "default": true
            }
          ],
          "store_path": "/nix/store/a47anlqjwc0c2pc56g3pka6jqqfljsnv-librtlsdr-0.8.0"
        },
        "aarch64-linux": {
          "outputs": [
            {
              "name": "out",
              "path": "/nix/store/br4v33qpl9fc1vjwwld417j03cjk10l0-librtlsdr-0.8.0",
              "default": true
            }
          ],
          "store_path": "/nix/store/br4v33qpl9fc1vjwwld417j03cjk10l0-librtlsdr-0.8.0"
        },
        "x86_64-darwin": {
          "outputs": [
            {
              "name": "out",
              "path": "/nix/store/6c5andpdkbk4gadr6rqip5cbnm4s93sf-librtlsdr-0.8.0",
              "default": true
            }
          ],
          "store_path": "/nix/store/6c5andpdkbk4gadr6rqip5cbnm4s93sf-librtlsdr-0.8.0"
        },
        "x86_64-linux": {
          "outputs": [
            {
              "name": "out",
              "path": "/nix/store/4kgdvifvcbf407mjccbavk6hvhh773cq-librtlsdr-0.8.0",
              "default": true
            }
          ],
          "store_path": "/nix/store/4kgdvifvcbf407mjccbavk6hvhh773cq-librtlsdr-0.8.0"
        }
      }
    },
    "pulseaudio@latest": {
      "last_modified": "2026-01-23T17:20:52Z",
      "resolved": "github:NixOS/nixpkgs/a1bab9e494f5f4939442a57a58d0449a109593fe#pulseaudio",
      "source": "devbox-search",
      "version": "17.0",
      "systems": {
        "aarch64-darwin": {
          "outputs": [
            {
              "name": "out",
              "path": "/nix/store/5y4bpydy8fb4n0k6n6a4bpxrz7rgj3y8-pulseaudio-17.0",
              "default": true
            },
            {
              "name": "dev",
              "path": "/nix/store/q0zd2ikfg4lhycpyk75x0kwybkng1r26-pulseaudio-17.0-dev"
            }
          ],
          "store_path": "/nix/store/5y4bpydy8fb4n0k6n6a4bpxrz7rgj3y8-pulseaudio-17.0"
        },
        "aarch64-linux": {
          "outputs": [
            {
              "name": "out",
              "path": "/nix/store/0aj6bxhfz805m2rhwlg60ai7a1v92c0d-pulseaudio-17.0",
              "default": true
            },
            {
              "name": "dev",
              "path": "/nix/store/wa1jr8gsmnwiwxaarhl0f0xg3yb231vm-pulseaudio-17.0-dev"
            }
          ],
          "store_path": "/nix/store/0aj6bxhfz805m2rhwlg60ai7a1v92c0d-pulseaudio-17.0"
        },
        "x86_64-darwin": {
          "outputs": [
            {
              "name": "out",
              "path": "/nix/store/88wngq78hh3wlpc8777rh90byk4y37gh-pulseaudio-17.0",
              "default": true
            },
            {
              "name": "dev",
              "path": "/nix/store/x71pz68pygb63dxlrgxhvv3vvc8aw9rh-pulseaudio-17.0-dev"
            }
          ],
          "store_path": "/nix/store/88wngq78hh3wlpc8777rh90byk4y37gh-pulseaudio-17.0"
        },
        "x86_64-linux": {
          "outputs": [
            {
              "name": "out",
              "path": "/nix/store/6h0fn5ghyq1bkzn54rx8lwck338a65yy-pulseaudio-17.0",
              "default": true
            },
            {
              "name": "dev",
              "path": "/nix/store/d6wvks6pmqj5rfbvs7bc876lnii0vmr4-pulseaudio-17.0-dev"
            }
          ],
          "store_path": "/nix/store/6h0fn5ghyq1bkzn54rx8lwck338a65yy-pulseaudio-17.0"
        }
      }
    },
    "watchexec@latest": {
      "last_modified": "2026-02-10T02:06:53Z",
      "resolved": "github:NixOS/nixpkgs/49d75834011c94a120a9cb874ac1c4d8b7bfc767#watchexec",
      "source": "devbox-search",
      "version": "2.3.2",
      "systems": {
        "aarch64-darwin": {
          "outputs": [
            {
              "name": "out",
              "path": "/nix/store/ygcp6564h06gp4ynsk65qi6yqnkr6dri-watchexec-2.3.2",
              "default": true
            }
          ],
          "store_path": "/nix/store/ygcp6564h06gp4ynsk65qi6yqnkr6dri-watchexec-2.3.2"
        },
        "aarch64-linux": {
          "outputs": [
            {
              "name": "out",
              "path": "/nix/store/gqv5gxz3yacgr3an9hyz1yw670sisjby-watchexec-2.3.2",
              "default": true
            }
          ],
          "store_path": "/nix/store/gqv5gxz3yacgr3an9hyz1yw670sisjby-watchexec-2.3.2"
        },
        "x86_64-darwin": {
          "outputs": [
            {
              "name": "out",
              "path": "/nix/store/k9s27ycqv7nd03zpvw9hlb1513vknm28-watchexec-2.3.2",
              "default": true
            }
          ],
          "store_path": "/nix/store/k9s27ycqv7nd03zpvw9hlb1513vknm28-watchexec-2.3.2"
        },
        "x86_64-linux": {
          "outputs": [
            {
              "name": "out",
              "path": "/nix/store/a2480xrvdyrw3gmh1w8q85c8svjs1hr7-watchexec-2.3.2",
              "default": true
            }
          ],
          "store_path": "/nix/store/a2480xrvdyrw3gmh1w8q85c8svjs1hr7-watchexec-2.3.2"
        }
      }
    },
    "zig@latest": {
      "last_modified": "2026-02-08T07:51:33Z",
      "resolved": "github:NixOS/nixpkgs/fef9403a3e4d31b0a23f0bacebbec52c248fbb51#zig",
      "source": "devbox-search",
      "version": "0.15.2",
      "systems": {
        "aarch64-darwin": {
          "outputs": [
            {
              "name": "out",
              "path": "/nix/store/fh292vnr8i4znyjqy65mkyc0qkcb5k6v-zig-0.15.2",
              "default": true
            },
            {
              "name": "doc",
              "path": "/nix/store/12pyfyjxhvspv1vyi36wl8b041ancxmm-zig-0.15.2-doc"
            }
          ],
          "store_path": "/nix/store/fh292vnr8i4znyjqy65mkyc0qkcb5k6v-zig-0.15.2"
        },
        "aarch64-linux": {
          "outputs": [
            {
              "name": "out",
              "path": "/nix/store/9qv9chbkd97yg2b8hil0kypp0fjick8b-zig-0.15.2",
              "default": true
            },
            {
              "name": "doc",
              "path": "/nix/store/lnkxl2q8cvwfpa8wz2v6i3nykfvzclwy-zig-0.15.2-doc"
            }
          ],
          "store_path": "/nix/store/9qv9chbkd97yg2b8hil0kypp0fjick8b-zig-0.15.2"
        },
        "x86_64-darwin": {
          "outputs": [
            {
              "name": "out",
              "path": "/nix/store/sssljwjqcsrshjcj8h31y401sqglm9x6-zig-0.15.2",
              "default": true
            },
            {
              "name": "doc",
              "path": "/nix/store/ss8i5mdxhdvxsv6scljycjzjx7j299jw-zig-0.15.2-doc"
            }
          ],
          "store_path": "/nix/store/sssljwjqcsrshjcj8h31y401sqglm9x6-zig-0.15.2"
        },
        "x86_64-linux": {
          "outputs": [
            {
              "name": "out",
              "path": "/nix/store/anhqgh20jqazy2h03h97rlv6kcl88qq7-zig-0.15.2",
              "default": true
            },
            {
              "name": "doc",
              "path": "/nix/store/8a9xcqrizca5rawqmx9rwhqnpvjfag0w-zig-0.15.2-doc"
            }
          ],
          "store_path": "/nix/store/anhqgh20jqazy2h03h97rlv6kcl88qq7-zig-0.15.2"
        }
      }
    },
    "zls@latest": {
      "last_modified": "2026-02-10T02:06:53Z",
      "resolved": "github:NixOS/nixpkgs/49d75834011c94a120a9cb874ac1c4d8b7bfc767#zls",
      "source": "devbox-search",
      "version": "0.15.1",
      "systems": {
        "aarch64-darwin": {
          "outputs": [
            {
              "name": "out",
              "path": "/nix/store/n5rzi2lbm7aq0wdhdnl0ssgq8qjpjj2s-zls-0.15.1",
              "default": true
            }
          ],
          "store_path": "/nix/store/n5rzi2lbm7aq0wdhdnl0ssgq8qjpjj2s-zls-0.15.1"
        },
        "aarch64-linux": {
          "outputs": [
            {
              "name": "out",
              "path": "/nix/store/2zp5vf6qb93i54rqbjwsm0x8wbsz50nq-zls-0.15.1",
              "default": true
            }
          ],
          "store_path": "/nix/store/2zp5vf6qb93i54rqbjwsm0x8wbsz50nq-zls-0.15.1"
        },
        "x86_64-darwin": {
          "outputs": [
            {
              "name": "out",
              "path": "/nix/store/7i5dw8p3n2phwrgaxfd0nxj883qqpij8-zls-0.15.1",
              "default": true
            }
          ],
          "store_path": "/nix/store/7i5dw8p3n2phwrgaxfd0nxj883qqpij8-zls-0.15.1"
        },
        "x86_64-linux": {
          "outputs": [
            {
              "name": "out",
              "path": "/nix/store/b18s99b370zf7slw9j7nmvd02nafpijz-zls-0.15.1",
              "default": true
            }
          ],
          "store_path": "/nix/store/b18s99b370zf7slw9j7nmvd02nafpijz-zls-0.15.1"
        }
      }
    }
  }
}
